
Microsoft Visual Studio Solution File, Format Version 10.00
# Visual Studio 2008
Project("{8BC9CEB8-8B4A-11D0-8D11-00A0C91BC942}") = "9-18", "9-18\9-18.vcproj", "{135F54C9-9A5F-466F-AEC6-79C533F2950A}"
EndProject
Global
	GlobalSection(SolutionConfigurationPlatforms) = preSolution
		Debug|Win32 = Debug|Win32
		Release|Win32 = Release|Win32
	EndGlobalSection
	GlobalSection(ProjectConfigurationPlatforms) = postSolution
		{135F54C9-9A5F-466F-AEC6-79C533F2950A}.Debug|Win32.ActiveCfg = Debug|Win32
		{135F54C9-9A5F-466F-AEC6-79C533F2950A}.Debug|Win32.Build.0 = Debug|Win32
		{135F54C9-9A5F-466F-AEC6-79C533F2950A}.Release|Win32.ActiveCfg = Release|Win32
		{135F54C9-9A5F-466F-AEC6-79C533F2950A}.Release|Win32.Build.0 = Release|Win32
	EndGlobalSection
	GlobalSection(SolutionProperties) = preSolution
		HideSolutionNode = FALSE
	EndGlobalSection
EndGlobal
