
Microsoft Visual Studio Solution File, Format Version 10.00
# Visual Studio 2008
Project("{8BC9CEB8-8B4A-11D0-8D11-00A0C91BC942}") = "10-28", "10-28\10-28.vcproj", "{F3BBCC2E-DAD2-4296-89C7-6C431342B43F}"
EndProject
Global
	GlobalSection(SolutionConfigurationPlatforms) = preSolution
		Debug|Win32 = Debug|Win32
		Release|Win32 = Release|Win32
	EndGlobalSection
	GlobalSection(ProjectConfigurationPlatforms) = postSolution
		{F3BBCC2E-DAD2-4296-89C7-6C431342B43F}.Debug|Win32.ActiveCfg = Debug|Win32
		{F3BBCC2E-DAD2-4296-89C7-6C431342B43F}.Debug|Win32.Build.0 = Debug|Win32
		{F3BBCC2E-DAD2-4296-89C7-6C431342B43F}.Release|Win32.ActiveCfg = Release|Win32
		{F3BBCC2E-DAD2-4296-89C7-6C431342B43F}.Release|Win32.Build.0 = Release|Win32
	EndGlobalSection
	GlobalSection(SolutionProperties) = preSolution
		HideSolutionNode = FALSE
	EndGlobalSection
EndGlobal
