
Microsoft Visual Studio Solution File, Format Version 10.00
# Visual Studio 2008
Project("{8BC9CEB8-8B4A-11D0-8D11-00A0C91BC942}") = "10-12", "10-12\10-12.vcproj", "{C3911C48-52F9-48F8-B5C5-DB21FB6D8611}"
EndProject
Global
	GlobalSection(SolutionConfigurationPlatforms) = preSolution
		Debug|Win32 = Debug|Win32
		Release|Win32 = Release|Win32
	EndGlobalSection
	GlobalSection(ProjectConfigurationPlatforms) = postSolution
		{C3911C48-52F9-48F8-B5C5-DB21FB6D8611}.Debug|Win32.ActiveCfg = Debug|Win32
		{C3911C48-52F9-48F8-B5C5-DB21FB6D8611}.Debug|Win32.Build.0 = Debug|Win32
		{C3911C48-52F9-48F8-B5C5-DB21FB6D8611}.Release|Win32.ActiveCfg = Release|Win32
		{C3911C48-52F9-48F8-B5C5-DB21FB6D8611}.Release|Win32.Build.0 = Release|Win32
	EndGlobalSection
	GlobalSection(SolutionProperties) = preSolution
		HideSolutionNode = FALSE
	EndGlobalSection
EndGlobal
